
Microsoft Visual Studio Solution File, Format Version 12.00
# Visual Studio Version 16
VisualStudioVersion = 16.0.29728.190
MinimumVisualStudioVersion = 10.0.40219.1
Project("{FAE04EC0-301F-11D3-BF4B-00C04F79EFBC}") = "HelloDungeon", "HelloDungeon\HelloDungeon.csproj", "{E04BBBEF-70B6-4602-B437-34317E9E1171}"
EndProject
Global
	GlobalSection(SolutionConfigurationPlatforms) = preSolution
		Debug|Any CPU = Debug|Any CPU
		Release|Any CPU = Release|Any CPU
	EndGlobalSection
	GlobalSection(ProjectConfigurationPlatforms) = postSolution
		{E04BBBEF-70B6-4602-B437-34317E9E1171}.Debug|Any CPU.ActiveCfg = Debug|Any CPU
		{E04BBBEF-70B6-4602-B437-34317E9E1171}.Debug|Any CPU.Build.0 = Debug|Any CPU
		{E04BBBEF-70B6-4602-B437-34317E9E1171}.Release|Any CPU.ActiveCfg = Release|Any CPU
		{E04BBBEF-70B6-4602-B437-34317E9E1171}.Release|Any CPU.Build.0 = Release|Any CPU
	EndGlobalSection
	GlobalSection(SolutionProperties) = preSolution
		HideSolutionNode = FALSE
	EndGlobalSection
	GlobalSection(ExtensibilityGlobals) = postSolution
		SolutionGuid = {E16B7F72-29E3-47E1-AE1E-93433BBF3B10}
	EndGlobalSection
EndGlobal
